
Microsoft Visual Studio Solution File, Format Version 12.00
# Visual Studio Version 16
VisualStudioVersion = 16.0.31205.134
MinimumVisualStudioVersion = 10.0.40219.1
Project("{9A19103F-16F7-4668-BE54-9A1E7A4F7556}") = "CriptoScrapingLibrary", "CriptoScrapingLibrary\CriptoScrapingLibrary.csproj", "{AD8A0DE2-76F3-411D-8C8A-252530C38D10}"
EndProject
Project("{9A19103F-16F7-4668-BE54-9A1E7A4F7556}") = "CriptoAlert.API", "CriptoAlert.API\CriptoAlert.API.csproj", "{68610401-CC43-4260-AD89-F6DC299AA42A}"
EndProject
Global
	GlobalSection(SolutionConfigurationPlatforms) = preSolution
		Debug|Any CPU = Debug|Any CPU
		Release|Any CPU = Release|Any CPU
	EndGlobalSection
	GlobalSection(ProjectConfigurationPlatforms) = postSolution
		{AD8A0DE2-76F3-411D-8C8A-252530C38D10}.Debug|Any CPU.ActiveCfg = Debug|Any CPU
		{AD8A0DE2-76F3-411D-8C8A-252530C38D10}.Debug|Any CPU.Build.0 = Debug|Any CPU
		{AD8A0DE2-76F3-411D-8C8A-252530C38D10}.Release|Any CPU.ActiveCfg = Release|Any CPU
		{AD8A0DE2-76F3-411D-8C8A-252530C38D10}.Release|Any CPU.Build.0 = Release|Any CPU
		{68610401-CC43-4260-AD89-F6DC299AA42A}.Debug|Any CPU.ActiveCfg = Debug|Any CPU
		{68610401-CC43-4260-AD89-F6DC299AA42A}.Debug|Any CPU.Build.0 = Debug|Any CPU
		{68610401-CC43-4260-AD89-F6DC299AA42A}.Release|Any CPU.ActiveCfg = Release|Any CPU
		{68610401-CC43-4260-AD89-F6DC299AA42A}.Release|Any CPU.Build.0 = Release|Any CPU
	EndGlobalSection
	GlobalSection(SolutionProperties) = preSolution
		HideSolutionNode = FALSE
	EndGlobalSection
	GlobalSection(ExtensibilityGlobals) = postSolution
		SolutionGuid = {0F9FE2C4-007F-4BA1-BF36-9F122D154E76}
	EndGlobalSection
EndGlobal
